
Microsoft Visual Studio Solution File, Format Version 12.00
# Visual Studio Version 17
VisualStudioVersion = 17.2.32630.192
MinimumVisualStudioVersion = 10.0.40219.1
Project("{FAE04EC0-301F-11D3-BF4B-00C04F79EFBC}") = "Dot", "Dot\Dot.csproj", "{B735F838-7BEF-4D63-8096-E7213C11F148}"
EndProject
Global
	GlobalSection(SolutionConfigurationPlatforms) = preSolution
		Debug|Any CPU = Debug|Any CPU
		Release|Any CPU = Release|Any CPU
	EndGlobalSection
	GlobalSection(ProjectConfigurationPlatforms) = postSolution
		{B735F838-7BEF-4D63-8096-E7213C11F148}.Debug|Any CPU.ActiveCfg = Debug|Any CPU
		{B735F838-7BEF-4D63-8096-E7213C11F148}.Debug|Any CPU.Build.0 = Debug|Any CPU
		{B735F838-7BEF-4D63-8096-E7213C11F148}.Release|Any CPU.ActiveCfg = Release|Any CPU
		{B735F838-7BEF-4D63-8096-E7213C11F148}.Release|Any CPU.Build.0 = Release|Any CPU
	EndGlobalSection
	GlobalSection(SolutionProperties) = preSolution
		HideSolutionNode = FALSE
	EndGlobalSection
	GlobalSection(ExtensibilityGlobals) = postSolution
		SolutionGuid = {B51F16AE-9955-4303-9A52-91BB94CF8C2B}
	EndGlobalSection
EndGlobal
